// !$*UTF8*$!
{
	archiveVersion = 1;
	classes = {
	};
	objectVersion = 46;
	objects = {

/* Begin PBXBuildFile section */
		864D96C21CEF78DD00C0B933 /* AppDelegate.swift in Sources */ = {isa = PBXBuildFile; fileRef = 864D96C11CEF78DD00C0B933 /* AppDelegate.swift */; };
		864D96C71CEF78DD00C0B933 /* Main.storyboard in Resources */ = {isa = PBXBuildFile; fileRef = 864D96C51CEF78DD00C0B933 /* Main.storyboard */; };
		864D96C91CEF78DD00C0B933 /* Assets.xcassets in Resources */ = {isa = PBXBuildFile; fileRef = 864D96C81CEF78DD00C0B933 /* Assets.xcassets */; };
		864D96CC1CEF78DD00C0B933 /* LaunchScreen.storyboard in Resources */ = {isa = PBXBuildFile; fileRef = 864D96CA1CEF78DD00C0B933 /* LaunchScreen.storyboard */; };
		864D96D41CEF7B4000C0B933 /* Dog.swift in Sources */ = {isa = PBXBuildFile; fileRef = 864D96D31CEF7B4000C0B933 /* Dog.swift */; };
		864D96D61CEF7FAB00C0B933 /* DogListViewController.swift in Sources */ = {isa = PBXBuildFile; fileRef = 864D96D51CEF7FAB00C0B933 /* DogListViewController.swift */; };
		864D96D81CEF89B800C0B933 /* DogDetailViewController.swift in Sources */ = {isa = PBXBuildFile; fileRef = 864D96D71CEF89B800C0B933 /* DogDetailViewController.swift */; };
		864D96DA1CEF905400C0B933 /* GlobalSplitViewController.swift in Sources */ = {isa = PBXBuildFile; fileRef = 864D96D91CEF905400C0B933 /* GlobalSplitViewController.swift */; };
		864D96DC1CEF94F600C0B933 /* AboutViewController.swift in Sources */ = {isa = PBXBuildFile; fileRef = 864D96DB1CEF94F600C0B933 /* AboutViewController.swift */; };
/* End PBXBuildFile section */

/* Begin PBXFileReference section */
		864D96BE1CEF78DD00C0B933 /* SplitViewExample.app */ = {isa = PBXFileReference; explicitFileType = wrapper.application; includeInIndex = 0; path = SplitViewExample.app; sourceTree = BUILT_PRODUCTS_DIR; };
		864D96C11CEF78DD00C0B933 /* AppDelegate.swift */ = {isa = PBXFileReference; lastKnownFileType = sourcecode.swift; path = AppDelegate.swift; sourceTree = "<group>"; };
		864D96C61CEF78DD00C0B933 /* Base */ = {isa = PBXFileReference; lastKnownFileType = file.storyboard; name = Base; path = Base.lproj/Main.storyboard; sourceTree = "<group>"; };
		864D96C81CEF78DD00C0B933 /* Assets.xcassets */ = {isa = PBXFileReference; lastKnownFileType = folder.assetcatalog; path = Assets.xcassets; sourceTree = "<group>"; };
		864D96CB1CEF78DD00C0B933 /* Base */ = {isa = PBXFileReference; lastKnownFileType = file.storyboard; name = Base; path = Base.lproj/LaunchScreen.storyboard; sourceTree = "<group>"; };
		864D96CD1CEF78DD00C0B933 /* Info.plist */ = {isa = PBXFileReference; lastKnownFileType = text.plist.xml; path = Info.plist; sourceTree = "<group>"; };
		864D96D31CEF7B4000C0B933 /* Dog.swift */ = {isa = PBXFileReference; fileEncoding = 4; lastKnownFileType = sourcecode.swift; path = Dog.swift; sourceTree = "<group>"; };
		864D96D51CEF7FAB00C0B933 /* DogListViewController.swift */ = {isa = PBXFileReference; fileEncoding = 4; lastKnownFileType = sourcecode.swift; path = DogListViewController.swift; sourceTree = "<group>"; };
		864D96D71CEF89B800C0B933 /* DogDetailViewController.swift */ = {isa = PBXFileReference; fileEncoding = 4; lastKnownFileType = sourcecode.swift; path = DogDetailViewController.swift; sourceTree = "<group>"; };
		864D96D91CEF905400C0B933 /* GlobalSplitViewController.swift */ = {isa = PBXFileReference; fileEncoding = 4; lastKnownFileType = sourcecode.swift; path = GlobalSplitViewController.swift; sourceTree = "<group>"; };
		864D96DB1CEF94F600C0B933 /* AboutViewController.swift */ = {isa = PBXFileReference; fileEncoding = 4; lastKnownFileType = sourcecode.swift; path = AboutViewController.swift; sourceTree = "<group>"; };
/* End PBXFileReference section */

/* Begin PBXFrameworksBuildPhase section */
		864D96BB1CEF78DD00C0B933 /* Frameworks */ = {
			isa = PBXFrameworksBuildPhase;
			buildActionMask = 2147483647;
			files = (
			);
			runOnlyForDeploymentPostprocessing = 0;
		};
/* End PBXFrameworksBuildPhase section */

/* Begin PBXGroup section */
		864D96B51CEF78DD00C0B933 = {
			isa = PBXGroup;
			children = (
				864D96C01CEF78DD00C0B933 /* SplitViewExample */,
				864D96BF1CEF78DD00C0B933 /* Products */,
			);
			sourceTree = "<group>";
		};
		864D96BF1CEF78DD00C0B933 /* Products */ = {
			isa = PBXGroup;
			children = (
				864D96BE1CEF78DD00C0B933 /* SplitViewExample.app */,
			);
			name = Products;
			sourceTree = "<group>";
		};
		864D96C01CEF78DD00C0B933 /* SplitViewExample */ = {
			isa = PBXGroup;
			children = (
				864D96C11CEF78DD00C0B933 /* AppDelegate.swift */,
				864D96C51CEF78DD00C0B933 /* Main.storyboard */,
				864D96C81CEF78DD00C0B933 /* Assets.xcassets */,
				864D96CA1CEF78DD00C0B933 /* LaunchScreen.storyboard */,
				864D96CD1CEF78DD00C0B933 /* Info.plist */,
				864D96D31CEF7B4000C0B933 /* Dog.swift */,
				864D96D51CEF7FAB00C0B933 /* DogListViewController.swift */,
				864D96D71CEF89B800C0B933 /* DogDetailViewController.swift */,
				864D96D91CEF905400C0B933 /* GlobalSplitViewController.swift */,
				864D96DB1CEF94F600C0B933 /* AboutViewController.swift */,
			);
			path = SplitViewExample;
			sourceTree = "<group>";
		};
/* End PBXGroup section */

/* Begin PBXNativeTarget section */
		864D96BD1CEF78DD00C0B933 /* SplitViewExample */ = {
			isa = PBXNativeTarget;
			buildConfigurationList = 864D96D01CEF78DD00C0B933 /* Build configuration list for PBXNativeTarget "SplitViewExample" */;
			buildPhases = (
				864D96BA1CEF78DD00C0B933 /* Sources */,
				864D96BB1CEF78DD00C0B933 /* Frameworks */,
				864D96BC1CEF78DD00C0B933 /* Resources */,
			);
			buildRules = (
			);
			dependencies = (
			);
			name = SplitViewExample;
			productName = SplitViewExample;
			productReference = 864D96BE1CEF78DD00C0B933 /* SplitViewExample.app */;
			productType = "com.apple.product-type.application";
		};
/* End PBXNativeTarget section */

/* Begin PBXProject section */
		864D96B61CEF78DD00C0B933 /* Project object */ = {
			isa = PBXProject;
			attributes = {
				LastSwiftUpdateCheck = 0730;
				LastUpgradeCheck = 0730;
				ORGANIZATIONNAME = "Ishan Weerasooriya";
				TargetAttributes = {
					864D96BD1CEF78DD00C0B933 = {
						CreatedOnToolsVersion = 7.3;
					};
				};
			};
			buildConfigurationList = 864D96B91CEF78DD00C0B933 /* Build configuration list for PBXProject "SplitViewExample" */;
			compatibilityVersion = "Xcode 3.2";
			developmentRegion = English;
			hasScannedForEncodings = 0;
			knownRegions = (
				en,
				Base,
			);
			mainGroup = 864D96B51CEF78DD00C0B933;
			productRefGroup = 864D96BF1CEF78DD00C0B933 /* Products */;
			projectDirPath = "";
			projectRoot = "";
			targets = (
				864D96BD1CEF78DD00C0B933 /* SplitViewExample */,
			);
		};
/* End PBXProject section */

/* Begin PBXResourcesBuildPhase section */
		864D96BC1CEF78DD00C0B933 /* Resources */ = {
			isa = PBXResourcesBuildPhase;
			buildActionMask = 2147483647;
			files = (
				864D96CC1CEF78DD00C0B933 /* LaunchScreen.storyboard in Resources */,
				864D96C91CEF78DD00C0B933 /* Assets.xcassets in Resources */,
				864D96C71CEF78DD00C0B933 /* Main.storyboard in Resources */,
			);
			runOnlyForDeploymentPostprocessing = 0;
		};
/* End PBXResourcesBuildPhase section */

/* Begin PBXSourcesBuildPhase section */
		864D96BA1CEF78DD00C0B933 /* Sources */ = {
			isa = PBXSourcesBuildPhase;
			buildActionMask = 2147483647;
			files = (
				864D96DC1CEF94F600C0B933 /* AboutViewController.swift in Sources */,
				864D96D81CEF89B800C0B933 /* DogDetailViewController.swift in Sources */,
				864D96DA1CEF905400C0B933 /* GlobalSplitViewController.swift in Sources */,
				864D96D41CEF7B4000C0B933 /* Dog.swift in Sources */,
				864D96D61CEF7FAB00C0B933 /* DogListViewController.swift in Sources */,
				864D96C21CEF78DD00C0B933 /* AppDelegate.swift in Sources */,
			);
			runOnlyForDeploymentPostprocessing = 0;
		};
/* End PBXSourcesBuildPhase section */

/* Begin PBXVariantGroup section */
		864D96C51CEF78DD00C0B933 /* Main.storyboard */ = {
			isa = PBXVariantGroup;
			children = (
				864D96C61CEF78DD00C0B933 /* Base */,
			);
			name = Main.storyboard;
			sourceTree = "<group>";
		};
		864D96CA1CEF78DD00C0B933 /* LaunchScreen.storyboard */ = {
			isa = PBXVariantGroup;
			children = (
				864D96CB1CEF78DD00C0B933 /* Base */,
			);
			name = LaunchScreen.storyboard;
			sourceTree = "<group>";
		};
/* End PBXVariantGroup section */

/* Begin XCBuildConfiguration section */
		864D96CE1CEF78DD00C0B933 /* Debug */ = {
			isa = XCBuildConfiguration;
			buildSettings = {
				ALWAYS_SEARCH_USER_PATHS = NO;
				CLANG_ANALYZER_NONNULL = YES;
				CLANG_CXX_LANGUAGE_STANDARD = "gnu++0x";
				CLANG_CXX_LIBRARY = "libc++";
				CLANG_ENABLE_MODULES = YES;
				CLANG_ENABLE_OBJC_ARC = YES;
				CLANG_WARN_BOOL_CONVERSION = YES;
				CLANG_WARN_CONSTANT_CONVERSION = YES;
				CLANG_WARN_DIRECT_OBJC_ISA_USAGE = YES_ERROR;
				CLANG_WARN_EMPTY_BODY = YES;
				CLANG_WARN_ENUM_CONVERSION = YES;
				CLANG_WARN_INT_CONVERSION = YES;
				CLANG_WARN_OBJC_ROOT_CLASS = YES_ERROR;
				CLANG_WARN_UNREACHABLE_CODE = YES;
				CLANG_WARN__DUPLICATE_METHOD_MATCH = YES;
				"CODE_SIGN_IDENTITY[sdk=iphoneos*]" = "iPhone Developer";
				COPY_PHASE_STRIP = NO;
				DEBUG_INFORMATION_FORMAT = dwarf;
				ENABLE_STRICT_OBJC_MSGSEND = YES;
				ENABLE_TESTABILITY = YES;
				GCC_C_LANGUAGE_STANDARD = gnu99;
				GCC_DYNAMIC_NO_PIC = NO;
				GCC_NO_COMMON_BLOCKS = YES;
				GCC_OPTIMIZATION_LEVEL = 0;
				GCC_PREPROCESSOR_DEFINITIONS = (
					"DEBUG=1",
					"$(inherited)",
				);
				GCC_WARN_64_TO_32_BIT_CONVERSION = YES;
				GCC_WARN_ABOUT_RETURN_TYPE = YES_ERROR;
				GCC_WARN_UNDECLARED_SELECTOR = YES;
				GCC_WARN_UNINITIALIZED_AUTOS = YES_AGGRESSIVE;
				GCC_WARN_UNUSED_FUNCTION = YES;
				GCC_WARN_UNUSED_VARIABLE = YES;
				IPHONEOS_DEPLOYMENT_TARGET = 9.3;
				MTL_ENABLE_DEBUG_INFO = YES;
				ONLY_ACTIVE_ARCH = YES;
				SDKROOT = iphoneos;
				SWIFT_OPTIMIZATION_LEVEL = "-Onone";
				TARGETED_DEVICE_FAMILY = "1,2";
			};
			name = Debug;
		};
		864D96CF1CEF78DD00C0B933 /* Release */ = {
			isa = XCBuildConfiguration;
			buildSettings = {
				ALWAYS_SEARCH_USER_PATHS = NO;
				CLANG_ANALYZER_NONNULL = YES;
				CLANG_CXX_LANGUAGE_STANDARD = "gnu++0x";
				CLANG_CXX_LIBRARY = "libc++";
				CLANG_ENABLE_MODULES = YES;
				CLANG_ENABLE_OBJC_ARC = YES;
				CLANG_WARN_BOOL_CONVERSION = YES;
				CLANG_WARN_CONSTANT_CONVERSION = YES;
				CLANG_WARN_DIRECT_OBJC_ISA_USAGE = YES_ERROR;
				CLANG_WARN_EMPTY_BODY = YES;
				CLANG_WARN_ENUM_CONVERSION = YES;
				CLANG_WARN_INT_CONVERSION = YES;
				CLANG_WARN_OBJC_ROOT_CLASS = YES_ERROR;
				CLANG_WARN_UNREACHABLE_CODE = YES;
				CLANG_WARN__DUPLICATE_METHOD_MATCH = YES;
				"CODE_SIGN_IDENTITY[sdk=iphoneos*]" = "iPhone Developer";
				COPY_PHASE_STRIP = NO;
				DEBUG_INFORMATION_FORMAT = "dwarf-with-dsym";
				ENABLE_NS_ASSERTIONS = NO;
				ENABLE_STRICT_OBJC_MSGSEND = YES;
				GCC_C_LANGUAGE_STANDARD = gnu99;
				GCC_NO_COMMON_BLOCKS = YES;
				GCC_WARN_64_TO_32_BIT_CONVERSION = YES;
				GCC_WARN_ABOUT_RETURN_TYPE = YES_ERROR;
				GCC_WARN_UNDECLARED_SELECTOR = YES;
				GCC_WARN_UNINITIALIZED_AUTOS = YES_AGGRESSIVE;
				GCC_WARN_UNUSED_FUNCTION = YES;
				GCC_WARN_UNUSED_VARIABLE = YES;
				IPHONEOS_DEPLOYMENT_TARGET = 9.3;
				MTL_ENABLE_DEBUG_INFO = NO;
				SDKROOT = iphoneos;
				TARGETED_DEVICE_FAMILY = "1,2";
				VALIDATE_PRODUCT = YES;
			};
			name = Release;
		};
		864D96D11CEF78DD00C0B933 /* Debug */ = {
			isa = XCBuildConfiguration;
			buildSettings = {
				ASSETCATALOG_COMPILER_APPICON_NAME = AppIcon;
				CODE_SIGN_IDENTITY = "iPhone Developer";
				INFOPLIST_FILE = SplitViewExample/Info.plist;
				LD_RUNPATH_SEARCH_PATHS = "$(inherited) @executable_path/Frameworks";
				PRODUCT_BUNDLE_IDENTIFIER = com.ishandini.SplitViewExample;
				PRODUCT_NAME = "$(TARGET_NAME)";
			};
			name = Debug;
		};
		864D96D21CEF78DD00C0B933 /* Release */ = {
			isa = XCBuildConfiguration;
			buildSettings = {
				ASSETCATALOG_COMPILER_APPICON_NAME = AppIcon;
				CODE_SIGN_IDENTITY = "iPhone Developer";
				INFOPLIST_FILE = SplitViewExample/Info.plist;
				LD_RUNPATH_SEARCH_PATHS = "$(inherited) @executable_path/Frameworks";
				PRODUCT_BUNDLE_IDENTIFIER = com.ishandini.SplitViewExample;
				PRODUCT_NAME = "$(TARGET_NAME)";
			};
			name = Release;
		};
/* End XCBuildConfiguration section */

/* Begin XCConfigurationList section */
		864D96B91CEF78DD00C0B933 /* Build configuration list for PBXProject "SplitViewExample" */ = {
			isa = XCConfigurationList;
			buildConfigurations = (
				864D96CE1CEF78DD00C0B933 /* Debug */,
				864D96CF1CEF78DD00C0B933 /* Release */,
			);
			defaultConfigurationIsVisible = 0;
			defaultConfigurationName = Release;
		};
		864D96D01CEF78DD00C0B933 /* Build configuration list for PBXNativeTarget "SplitViewExample" */ = {
			isa = XCConfigurationList;
			buildConfigurations = (
				864D96D11CEF78DD00C0B933 /* Debug */,
				864D96D21CEF78DD00C0B933 /* Release */,
			);
			defaultConfigurationIsVisible = 0;
		};
/* End XCConfigurationList section */
	};
	rootObject = 864D96B61CEF78DD00C0B933 /* Project object */;
}
